// !$*UTF8*$!
{
	archiveVersion = 1;
	classes = {
	};
	objectVersion = 56;
	objects = {

/* Begin PBXBuildFile section */
		17C86E442C45AD7A007F0048 /* main.swift in Sources */ = {isa = PBXBuildFile; fileRef = 17C86E432C45AD7A007F0048 /* main.swift */; };
		17C86E4B2C45CA10007F0048 /* Protocols.swift in Sources */ = {isa = PBXBuildFile; fileRef = 17C86E4A2C45CA10007F0048 /* Protocols.swift */; };
		17C86E4D2C45CA23007F0048 /* Passport.swift in Sources */ = {isa = PBXBuildFile; fileRef = 17C86E4C2C45CA23007F0048 /* Passport.swift */; };
		17C86E4F2C45CA2B007F0048 /* Person.swift in Sources */ = {isa = PBXBuildFile; fileRef = 17C86E4E2C45CA2B007F0048 /* Person.swift */; };
		17C86E512C45CA36007F0048 /* BuildingMaterial.swift in Sources */ = {isa = PBXBuildFile; fileRef = 17C86E502C45CA36007F0048 /* BuildingMaterial.swift */; };
		17C86E532C45CA5A007F0048 /* ConstructionFactory.swift in Sources */ = {isa = PBXBuildFile; fileRef = 17C86E522C45CA5A007F0048 /* ConstructionFactory.swift */; };
/* End PBXBuildFile section */

/* Begin PBXCopyFilesBuildPhase section */
		17C86E3E2C45AD7A007F0048 /* CopyFiles */ = {
			isa = PBXCopyFilesBuildPhase;
			buildActionMask = 2147483647;
			dstPath = /usr/share/man/man1/;
			dstSubfolderSpec = 0;
			files = (
			);
			runOnlyForDeploymentPostprocessing = 1;
		};
/* End PBXCopyFilesBuildPhase section */

/* Begin PBXFileReference section */
		17C86E402C45AD7A007F0048 /* ConstructionFactorySimulator */ = {isa = PBXFileReference; explicitFileType = "compiled.mach-o.executable"; includeInIndex = 0; path = ConstructionFactorySimulator; sourceTree = BUILT_PRODUCTS_DIR; };
		17C86E432C45AD7A007F0048 /* main.swift */ = {isa = PBXFileReference; lastKnownFileType = sourcecode.swift; path = main.swift; sourceTree = "<group>"; };
		17C86E4A2C45CA10007F0048 /* Protocols.swift */ = {isa = PBXFileReference; lastKnownFileType = sourcecode.swift; path = Protocols.swift; sourceTree = "<group>"; };
		17C86E4C2C45CA23007F0048 /* Passport.swift */ = {isa = PBXFileReference; lastKnownFileType = sourcecode.swift; path = Passport.swift; sourceTree = "<group>"; };
		17C86E4E2C45CA2B007F0048 /* Person.swift */ = {isa = PBXFileReference; lastKnownFileType = sourcecode.swift; path = Person.swift; sourceTree = "<group>"; };
		17C86E502C45CA36007F0048 /* BuildingMaterial.swift */ = {isa = PBXFileReference; lastKnownFileType = sourcecode.swift; path = BuildingMaterial.swift; sourceTree = "<group>"; };
		17C86E522C45CA5A007F0048 /* ConstructionFactory.swift */ = {isa = PBXFileReference; lastKnownFileType = sourcecode.swift; path = ConstructionFactory.swift; sourceTree = "<group>"; };
/* End PBXFileReference section */

/* Begin PBXFrameworksBuildPhase section */
		17C86E3D2C45AD7A007F0048 /* Frameworks */ = {
			isa = PBXFrameworksBuildPhase;
			buildActionMask = 2147483647;
			files = (
			);
			runOnlyForDeploymentPostprocessing = 0;
		};
/* End PBXFrameworksBuildPhase section */

/* Begin PBXGroup section */
		17C86E372C45AD7A007F0048 = {
			isa = PBXGroup;
			children = (
				17C86E422C45AD7A007F0048 /* ConstructionFactorySimulator */,
				17C86E412C45AD7A007F0048 /* Products */,
			);
			sourceTree = "<group>";
		};
		17C86E412C45AD7A007F0048 /* Products */ = {
			isa = PBXGroup;
			children = (
				17C86E402C45AD7A007F0048 /* ConstructionFactorySimulator */,
			);
			name = Products;
			sourceTree = "<group>";
		};
		17C86E422C45AD7A007F0048 /* ConstructionFactorySimulator */ = {
			isa = PBXGroup;
			children = (
				17C86E4A2C45CA10007F0048 /* Protocols.swift */,
				17C86E4E2C45CA2B007F0048 /* Person.swift */,
				17C86E4C2C45CA23007F0048 /* Passport.swift */,
				17C86E502C45CA36007F0048 /* BuildingMaterial.swift */,
				17C86E522C45CA5A007F0048 /* ConstructionFactory.swift */,
				17C86E432C45AD7A007F0048 /* main.swift */,
			);
			path = ConstructionFactorySimulator;
			sourceTree = "<group>";
		};
/* End PBXGroup section */

/* Begin PBXNativeTarget section */
		17C86E3F2C45AD7A007F0048 /* ConstructionFactorySimulator */ = {
			isa = PBXNativeTarget;
			buildConfigurationList = 17C86E472C45AD7A007F0048 /* Build configuration list for PBXNativeTarget "ConstructionFactorySimulator" */;
			buildPhases = (
				17C86E3C2C45AD7A007F0048 /* Sources */,
				17C86E3D2C45AD7A007F0048 /* Frameworks */,
				17C86E3E2C45AD7A007F0048 /* CopyFiles */,
			);
			buildRules = (
			);
			dependencies = (
			);
			name = ConstructionFactorySimulator;
			productName = ConstructionFactorySimulator;
			productReference = 17C86E402C45AD7A007F0048 /* ConstructionFactorySimulator */;
			productType = "com.apple.product-type.tool";
		};
/* End PBXNativeTarget section */

/* Begin PBXProject section */
		17C86E382C45AD7A007F0048 /* Project object */ = {
			isa = PBXProject;
			attributes = {
				BuildIndependentTargetsInParallel = 1;
				LastSwiftUpdateCheck = 1540;
				LastUpgradeCheck = 1540;
				TargetAttributes = {
					17C86E3F2C45AD7A007F0048 = {
						CreatedOnToolsVersion = 15.4;
					};
				};
			};
			buildConfigurationList = 17C86E3B2C45AD7A007F0048 /* Build configuration list for PBXProject "ConstructionFactorySimulator" */;
			compatibilityVersion = "Xcode 14.0";
			developmentRegion = en;
			hasScannedForEncodings = 0;
			knownRegions = (
				en,
				Base,
			);
			mainGroup = 17C86E372C45AD7A007F0048;
			productRefGroup = 17C86E412C45AD7A007F0048 /* Products */;
			projectDirPath = "";
			projectRoot = "";
			targets = (
				17C86E3F2C45AD7A007F0048 /* ConstructionFactorySimulator */,
			);
		};
/* End PBXProject section */

/* Begin PBXSourcesBuildPhase section */
		17C86E3C2C45AD7A007F0048 /* Sources */ = {
			isa = PBXSourcesBuildPhase;
			buildActionMask = 2147483647;
			files = (
				17C86E4D2C45CA23007F0048 /* Passport.swift in Sources */,
				17C86E442C45AD7A007F0048 /* main.swift in Sources */,
				17C86E4F2C45CA2B007F0048 /* Person.swift in Sources */,
				17C86E532C45CA5A007F0048 /* ConstructionFactory.swift in Sources */,
				17C86E4B2C45CA10007F0048 /* Protocols.swift in Sources */,
				17C86E512C45CA36007F0048 /* BuildingMaterial.swift in Sources */,
			);
			runOnlyForDeploymentPostprocessing = 0;
		};
/* End PBXSourcesBuildPhase section */

/* Begin XCBuildConfiguration section */
		17C86E452C45AD7A007F0048 /* Debug */ = {
			isa = XCBuildConfiguration;
			buildSettings = {
				ALWAYS_SEARCH_USER_PATHS = NO;
				ASSETCATALOG_COMPILER_GENERATE_SWIFT_ASSET_SYMBOL_EXTENSIONS = YES;
				CLANG_ANALYZER_NONNULL = YES;
				CLANG_ANALYZER_NUMBER_OBJECT_CONVERSION = YES_AGGRESSIVE;
				CLANG_CXX_LANGUAGE_STANDARD = "gnu++20";
				CLANG_ENABLE_MODULES = YES;
				CLANG_ENABLE_OBJC_ARC = YES;
				CLANG_ENABLE_OBJC_WEAK = YES;
				CLANG_WARN_BLOCK_CAPTURE_AUTORELEASING = YES;
				CLANG_WARN_BOOL_CONVERSION = YES;
				CLANG_WARN_COMMA = YES;
				CLANG_WARN_CONSTANT_CONVERSION = YES;
				CLANG_WARN_DEPRECATED_OBJC_IMPLEMENTATIONS = YES;
				CLANG_WARN_DIRECT_OBJC_ISA_USAGE = YES_ERROR;
				CLANG_WARN_DOCUMENTATION_COMMENTS = YES;
				CLANG_WARN_EMPTY_BODY = YES;
				CLANG_WARN_ENUM_CONVERSION = YES;
				CLANG_WARN_INFINITE_RECURSION = YES;
				CLANG_WARN_INT_CONVERSION = YES;
				CLANG_WARN_NON_LITERAL_NULL_CONVERSION = YES;
				CLANG_WARN_OBJC_IMPLICIT_RETAIN_SELF = YES;
				CLANG_WARN_OBJC_LITERAL_CONVERSION = YES;
				CLANG_WARN_OBJC_ROOT_CLASS = YES_ERROR;
				CLANG_WARN_QUOTED_INCLUDE_IN_FRAMEWORK_HEADER = YES;
				CLANG_WARN_RANGE_LOOP_ANALYSIS = YES;
				CLANG_WARN_STRICT_PROTOTYPES = YES;
				CLANG_WARN_SUSPICIOUS_MOVE = YES;
				CLANG_WARN_UNGUARDED_AVAILABILITY = YES_AGGRESSIVE;
				CLANG_WARN_UNREACHABLE_CODE = YES;
				CLANG_WARN__DUPLICATE_METHOD_MATCH = YES;
				COPY_PHASE_STRIP = NO;
				DEBUG_INFORMATION_FORMAT = dwarf;
				ENABLE_STRICT_OBJC_MSGSEND = YES;
				ENABLE_TESTABILITY = YES;
				ENABLE_USER_SCRIPT_SANDBOXING = YES;
				GCC_C_LANGUAGE_STANDARD = gnu17;
				GCC_DYNAMIC_NO_PIC = NO;
				GCC_NO_COMMON_BLOCKS = YES;
				GCC_OPTIMIZATION_LEVEL = 0;
				GCC_PREPROCESSOR_DEFINITIONS = (
					"DEBUG=1",
					"$(inherited)",
				);
				GCC_WARN_64_TO_32_BIT_CONVERSION = YES;
				GCC_WARN_ABOUT_RETURN_TYPE = YES_ERROR;
				GCC_WARN_UNDECLARED_SELECTOR = YES;
				GCC_WARN_UNINITIALIZED_AUTOS = YES_AGGRESSIVE;
				GCC_WARN_UNUSED_FUNCTION = YES;
				GCC_WARN_UNUSED_VARIABLE = YES;
				LOCALIZATION_PREFERS_STRING_CATALOGS = YES;
				MACOSX_DEPLOYMENT_TARGET = 14.5;
				MTL_ENABLE_DEBUG_INFO = INCLUDE_SOURCE;
				MTL_FAST_MATH = YES;
				ONLY_ACTIVE_ARCH = YES;
				SDKROOT = macosx;
				SWIFT_ACTIVE_COMPILATION_CONDITIONS = "DEBUG $(inherited)";
				SWIFT_OPTIMIZATION_LEVEL = "-Onone";
			};
			name = Debug;
		};
		17C86E462C45AD7A007F0048 /* Release */ = {
			isa = XCBuildConfiguration;
			buildSettings = {
				ALWAYS_SEARCH_USER_PATHS = NO;
				ASSETCATALOG_COMPILER_GENERATE_SWIFT_ASSET_SYMBOL_EXTENSIONS = YES;
				CLANG_ANALYZER_NONNULL = YES;
				CLANG_ANALYZER_NUMBER_OBJECT_CONVERSION = YES_AGGRESSIVE;
				CLANG_CXX_LANGUAGE_STANDARD = "gnu++20";
				CLANG_ENABLE_MODULES = YES;
				CLANG_ENABLE_OBJC_ARC = YES;
				CLANG_ENABLE_OBJC_WEAK = YES;
				CLANG_WARN_BLOCK_CAPTURE_AUTORELEASING = YES;
				CLANG_WARN_BOOL_CONVERSION = YES;
				CLANG_WARN_COMMA = YES;
				CLANG_WARN_CONSTANT_CONVERSION = YES;
				CLANG_WARN_DEPRECATED_OBJC_IMPLEMENTATIONS = YES;
				CLANG_WARN_DIRECT_OBJC_ISA_USAGE = YES_ERROR;
				CLANG_WARN_DOCUMENTATION_COMMENTS = YES;
				CLANG_WARN_EMPTY_BODY = YES;
				CLANG_WARN_ENUM_CONVERSION = YES;
				CLANG_WARN_INFINITE_RECURSION = YES;
				CLANG_WARN_INT_CONVERSION = YES;
				CLANG_WARN_NON_LITERAL_NULL_CONVERSION = YES;
				CLANG_WARN_OBJC_IMPLICIT_RETAIN_SELF = YES;
				CLANG_WARN_OBJC_LITERAL_CONVERSION = YES;
				CLANG_WARN_OBJC_ROOT_CLASS = YES_ERROR;
				CLANG_WARN_QUOTED_INCLUDE_IN_FRAMEWORK_HEADER = YES;
				CLANG_WARN_RANGE_LOOP_ANALYSIS = YES;
				CLANG_WARN_STRICT_PROTOTYPES = YES;
				CLANG_WARN_SUSPICIOUS_MOVE = YES;
				CLANG_WARN_UNGUARDED_AVAILABILITY = YES_AGGRESSIVE;
				CLANG_WARN_UNREACHABLE_CODE = YES;
				CLANG_WARN__DUPLICATE_METHOD_MATCH = YES;
				COPY_PHASE_STRIP = NO;
				DEBUG_INFORMATION_FORMAT = "dwarf-with-dsym";
				ENABLE_NS_ASSERTIONS = NO;
				ENABLE_STRICT_OBJC_MSGSEND = YES;
				ENABLE_USER_SCRIPT_SANDBOXING = YES;
				GCC_C_LANGUAGE_STANDARD = gnu17;
				GCC_NO_COMMON_BLOCKS = YES;
				GCC_WARN_64_TO_32_BIT_CONVERSION = YES;
				GCC_WARN_ABOUT_RETURN_TYPE = YES_ERROR;
				GCC_WARN_UNDECLARED_SELECTOR = YES;
				GCC_WARN_UNINITIALIZED_AUTOS = YES_AGGRESSIVE;
				GCC_WARN_UNUSED_FUNCTION = YES;
				GCC_WARN_UNUSED_VARIABLE = YES;
				LOCALIZATION_PREFERS_STRING_CATALOGS = YES;
				MACOSX_DEPLOYMENT_TARGET = 14.5;
				MTL_ENABLE_DEBUG_INFO = NO;
				MTL_FAST_MATH = YES;
				SDKROOT = macosx;
				SWIFT_COMPILATION_MODE = wholemodule;
			};
			name = Release;
		};
		17C86E482C45AD7A007F0048 /* Debug */ = {
			isa = XCBuildConfiguration;
			buildSettings = {
				CODE_SIGN_STYLE = Automatic;
				PRODUCT_NAME = "$(TARGET_NAME)";
				SWIFT_VERSION = 5.0;
			};
			name = Debug;
		};
		17C86E492C45AD7A007F0048 /* Release */ = {
			isa = XCBuildConfiguration;
			buildSettings = {
				CODE_SIGN_STYLE = Automatic;
				PRODUCT_NAME = "$(TARGET_NAME)";
				SWIFT_VERSION = 5.0;
			};
			name = Release;
		};
/* End XCBuildConfiguration section */

/* Begin XCConfigurationList section */
		17C86E3B2C45AD7A007F0048 /* Build configuration list for PBXProject "ConstructionFactorySimulator" */ = {
			isa = XCConfigurationList;
			buildConfigurations = (
				17C86E452C45AD7A007F0048 /* Debug */,
				17C86E462C45AD7A007F0048 /* Release */,
			);
			defaultConfigurationIsVisible = 0;
			defaultConfigurationName = Release;
		};
		17C86E472C45AD7A007F0048 /* Build configuration list for PBXNativeTarget "ConstructionFactorySimulator" */ = {
			isa = XCConfigurationList;
			buildConfigurations = (
				17C86E482C45AD7A007F0048 /* Debug */,
				17C86E492C45AD7A007F0048 /* Release */,
			);
			defaultConfigurationIsVisible = 0;
			defaultConfigurationName = Release;
		};
/* End XCConfigurationList section */
	};
	rootObject = 17C86E382C45AD7A007F0048 /* Project object */;
}
